
Microsoft Visual Studio Solution File, Format Version 12.00
# Visual Studio 15
VisualStudioVersion = 15.0.27703.2000
MinimumVisualStudioVersion = 10.0.40219.1
Project("{FAE04EC0-301F-11D3-BF4B-00C04F79EFBC}") = "DBaaS", "DBaaS\DBaaS.csproj", "{6989780F-E363-4624-AC47-A9096C46F0AE}"
EndProject
Project("{888888A0-9F3D-457C-B088-3A5042F75D52}") = "Python", "Python\Python.pyproj", "{28F37546-2D36-4E31-9726-CE4E44BF52B5}"
EndProject
Global
	GlobalSection(SolutionConfigurationPlatforms) = preSolution
		Debug|Any CPU = Debug|Any CPU
		Release|Any CPU = Release|Any CPU
	EndGlobalSection
	GlobalSection(ProjectConfigurationPlatforms) = postSolution
		{6989780F-E363-4624-AC47-A9096C46F0AE}.Debug|Any CPU.ActiveCfg = Debug|Any CPU
		{6989780F-E363-4624-AC47-A9096C46F0AE}.Debug|Any CPU.Build.0 = Debug|Any CPU
		{6989780F-E363-4624-AC47-A9096C46F0AE}.Release|Any CPU.ActiveCfg = Release|Any CPU
		{6989780F-E363-4624-AC47-A9096C46F0AE}.Release|Any CPU.Build.0 = Release|Any CPU
		{28F37546-2D36-4E31-9726-CE4E44BF52B5}.Debug|Any CPU.ActiveCfg = Debug|Any CPU
		{28F37546-2D36-4E31-9726-CE4E44BF52B5}.Release|Any CPU.ActiveCfg = Release|Any CPU
	EndGlobalSection
	GlobalSection(SolutionProperties) = preSolution
		HideSolutionNode = FALSE
	EndGlobalSection
	GlobalSection(ExtensibilityGlobals) = postSolution
		SolutionGuid = {6023CBA5-AEDB-454E-9E3A-F97B2C425A6B}
	EndGlobalSection
EndGlobal
