
Microsoft Visual Studio Solution File, Format Version 12.00
# Visual Studio 2013
VisualStudioVersion = 12.0.21005.1
MinimumVisualStudioVersion = 10.0.40219.1
Project("{F14B399A-7131-4C87-9E4B-1186C45EF12D}") = "PPL2C_BK_UW_Reports", "PPL2C_BK_UW_Reports\PPL2C_BK_UW_Reports.rptproj", "{2A40BE15-7A0E-48E8-871B-9179F449F541}"
EndProject
Global
	GlobalSection(SolutionConfigurationPlatforms) = preSolution
		Debug|Default = Debug|Default
		DebugLocal|Default = DebugLocal|Default
		Release|Default = Release|Default
	EndGlobalSection
	GlobalSection(ProjectConfigurationPlatforms) = postSolution
		{2A40BE15-7A0E-48E8-871B-9179F449F541}.Debug|Default.ActiveCfg = Debug
		{2A40BE15-7A0E-48E8-871B-9179F449F541}.Debug|Default.Build.0 = Debug
		{2A40BE15-7A0E-48E8-871B-9179F449F541}.Debug|Default.Deploy.0 = Debug
		{2A40BE15-7A0E-48E8-871B-9179F449F541}.DebugLocal|Default.ActiveCfg = DebugLocal
		{2A40BE15-7A0E-48E8-871B-9179F449F541}.DebugLocal|Default.Build.0 = DebugLocal
		{2A40BE15-7A0E-48E8-871B-9179F449F541}.Release|Default.ActiveCfg = Release
		{2A40BE15-7A0E-48E8-871B-9179F449F541}.Release|Default.Build.0 = Release
		{2A40BE15-7A0E-48E8-871B-9179F449F541}.Release|Default.Deploy.0 = Release
	EndGlobalSection
	GlobalSection(SolutionProperties) = preSolution
		HideSolutionNode = FALSE
	EndGlobalSection
EndGlobal
