
Microsoft Visual Studio Solution File, Format Version 12.00
# Visual Studio 2013
VisualStudioVersion = 12.0.21005.1
MinimumVisualStudioVersion = 10.0.40219.1
Project("{F14B399A-7131-4C87-9E4B-1186C45EF12D}") = "QueryExec", "QueryExec.rptproj", "{077AD970-F85D-4264-8B02-2A947FD568CE}"
EndProject
Global
	GlobalSection(SolutionConfigurationPlatforms) = preSolution
		Debug|Default = Debug|Default
		DebugLocal|Default = DebugLocal|Default
		Release|Default = Release|Default
	EndGlobalSection
	GlobalSection(ProjectConfigurationPlatforms) = postSolution
		{077AD970-F85D-4264-8B02-2A947FD568CE}.Debug|Default.ActiveCfg = Debug
		{077AD970-F85D-4264-8B02-2A947FD568CE}.Debug|Default.Build.0 = Debug
		{077AD970-F85D-4264-8B02-2A947FD568CE}.Debug|Default.Deploy.0 = Debug
		{077AD970-F85D-4264-8B02-2A947FD568CE}.DebugLocal|Default.ActiveCfg = DebugLocal
		{077AD970-F85D-4264-8B02-2A947FD568CE}.DebugLocal|Default.Build.0 = DebugLocal
		{077AD970-F85D-4264-8B02-2A947FD568CE}.Release|Default.ActiveCfg = Release
		{077AD970-F85D-4264-8B02-2A947FD568CE}.Release|Default.Build.0 = Release
		{077AD970-F85D-4264-8B02-2A947FD568CE}.Release|Default.Deploy.0 = Release
	EndGlobalSection
	GlobalSection(SolutionProperties) = preSolution
		HideSolutionNode = FALSE
	EndGlobalSection
EndGlobal
