
Microsoft Visual Studio Solution File, Format Version 12.00
# Visual Studio 2013
VisualStudioVersion = 12.0.21005.1
MinimumVisualStudioVersion = 10.0.40219.1
Project("{159641D6-6404-4A2A-AE62-294DE0FE8301}") = "App_SeqPrem_ReportCount", "App_SeqPrem_ReportCount\App_SeqPrem_ReportCount.dtproj", "{69C566C4-2214-4AA9-9EA0-BBE29002E79E}"
EndProject
Global
	GlobalSection(SolutionConfigurationPlatforms) = preSolution
		Development|Default = Development|Default
	EndGlobalSection
	GlobalSection(ProjectConfigurationPlatforms) = postSolution
		{69C566C4-2214-4AA9-9EA0-BBE29002E79E}.Development|Default.ActiveCfg = Development
		{69C566C4-2214-4AA9-9EA0-BBE29002E79E}.Development|Default.Build.0 = Development
	EndGlobalSection
	GlobalSection(SolutionProperties) = preSolution
		HideSolutionNode = FALSE
	EndGlobalSection
EndGlobal
