
Microsoft Visual Studio Solution File, Format Version 12.00
# Visual Studio 2013
VisualStudioVersion = 12.0.21005.1
MinimumVisualStudioVersion = 10.0.40219.1
Project("{F14B399A-7131-4C87-9E4B-1186C45EF12D}") = "iTopReports", "iTopReports\iTopReports.rptproj", "{5F87F3EF-5752-4181-A1EC-FD1E2D6BEF2B}"
EndProject
Global
	GlobalSection(SolutionConfigurationPlatforms) = preSolution
		Debug|Default = Debug|Default
		DebugLocal|Default = DebugLocal|Default
		Release|Default = Release|Default
	EndGlobalSection
	GlobalSection(ProjectConfigurationPlatforms) = postSolution
		{5F87F3EF-5752-4181-A1EC-FD1E2D6BEF2B}.Debug|Default.ActiveCfg = Debug
		{5F87F3EF-5752-4181-A1EC-FD1E2D6BEF2B}.Debug|Default.Build.0 = Debug
		{5F87F3EF-5752-4181-A1EC-FD1E2D6BEF2B}.Debug|Default.Deploy.0 = Debug
		{5F87F3EF-5752-4181-A1EC-FD1E2D6BEF2B}.DebugLocal|Default.ActiveCfg = DebugLocal
		{5F87F3EF-5752-4181-A1EC-FD1E2D6BEF2B}.DebugLocal|Default.Build.0 = DebugLocal
		{5F87F3EF-5752-4181-A1EC-FD1E2D6BEF2B}.Release|Default.ActiveCfg = Release
		{5F87F3EF-5752-4181-A1EC-FD1E2D6BEF2B}.Release|Default.Build.0 = Release
		{5F87F3EF-5752-4181-A1EC-FD1E2D6BEF2B}.Release|Default.Deploy.0 = Release
	EndGlobalSection
	GlobalSection(SolutionProperties) = preSolution
		HideSolutionNode = FALSE
	EndGlobalSection
EndGlobal
